# This file is generated by running "yarn install" inside your project.
# Manual changes might be lost - proceed with caution!

__metadata:
  version: 8
  cacheKey: 10c0

"@types/node@npm:*, @types/node@npm:^24.0.12":
  version: 24.0.12
  resolution: "@types/node@npm:24.0.12"
  dependencies:
    undici-types: "npm:~7.8.0"
  checksum: 10c0/333777c3416b758bbdb72a09e9db5599ff7789dca519d3fcf8150a1c56c79d808e0009e92d52016e80033b3c52724def08aad2c5b396e28f00dbdfe40a1756a4
  languageName: node
  linkType: hard

"@types/ws@npm:^8":
  version: 8.18.1
  resolution: "@types/ws@npm:8.18.1"
  dependencies:
    "@types/node": "npm:*"
  checksum: 10c0/61aff1129143fcc4312f083bc9e9e168aa3026b7dd6e70796276dcfb2c8211c4292603f9c4864fae702f2ed86e4abd4d38aa421831c2fd7f856c931a481afbab
  languageName: node
  linkType: hard

"moment@npm:^2.30.1":
  version: 2.30.1
  resolution: "moment@npm:2.30.1"
  checksum: 10c0/865e4279418c6de666fca7786607705fd0189d8a7b7624e2e56be99290ac846f90878a6f602e34b4e0455c549b85385b1baf9966845962b313699e7cb847543a
  languageName: node
  linkType: hard

"typescript_server@workspace:.":
  version: 0.0.0-use.local
  resolution: "typescript_server@workspace:."
  dependencies:
    "@types/node": "npm:^24.0.12"
    "@types/ws": "npm:^8"
    moment: "npm:^2.30.1"
    uuid: "npm:^11.1.0"
    ws: "npm:^8.18.3"
  languageName: unknown
  linkType: soft

"undici-types@npm:~7.8.0":
  version: 7.8.0
  resolution: "undici-types@npm:7.8.0"
  checksum: 10c0/9d9d246d1dc32f318d46116efe3cfca5a72d4f16828febc1918d94e58f6ffcf39c158aa28bf5b4fc52f410446bc7858f35151367bd7a49f21746cab6497b709b
  languageName: node
  linkType: hard

"uuid@npm:^11.1.0":
  version: 11.1.0
  resolution: "uuid@npm:11.1.0"
  bin:
    uuid: dist/esm/bin/uuid
  checksum: 10c0/34aa51b9874ae398c2b799c88a127701408cd581ee89ec3baa53509dd8728cbb25826f2a038f9465f8b7be446f0fbf11558862965b18d21c993684297628d4d3
  languageName: node
  linkType: hard

"ws@npm:^8.18.3":
  version: 8.18.3
  resolution: "ws@npm:8.18.3"
  peerDependencies:
    bufferutil: ^4.0.1
    utf-8-validate: ">=5.0.2"
  peerDependenciesMeta:
    bufferutil:
      optional: true
    utf-8-validate:
      optional: true
  checksum: 10c0/eac918213de265ef7cb3d4ca348b891a51a520d839aa51cdb8ca93d4fa7ff9f6ccb339ccee89e4075324097f0a55157c89fa3f7147bde9d8d7e90335dc087b53
  languageName: node
  linkType: hard
